PODS:
  - Alamofire (4.5.0)
  - AlamofireCoreData (1.0.0):
    - Alamofire (~> 4.0)
    - Groot (~> 2.0)
  - Groot (2.0):
    - Groot/Swift (= 2.0)
  - Groot/Swift (2.0)
  - OHHTTPStubs (5.2.1):
    - OHHTTPStubs/Default (= 5.2.1)
  - OHHTTPStubs/Core (5.2.1)
  - OHHTTPStubs/Default (5.2.1):
    - OHHTTPStubs/Core
    - OHHTTPStubs/JSON
    - OHHTTPStubs/NSURLSession
    - OHHTTPStubs/OHPathHelpers
  - OHHTTPStubs/JSON (5.2.1):
    - OHHTTPStubs/Core
  - OHHTTPStubs/NSURLSession (5.2.1):
    - OHHTTPStubs/Core
  - OHHTTPStubs/OHPathHelpers (5.2.1)
  - OHHTTPStubs/Swift (5.2.1):
    - OHHTTPStubs/Core
  - PromiseKit/CorePromise (4.0.3)

DEPENDENCIES:
  - AlamofireCoreData (~> 1.0)
  - OHHTTPStubs (~> 5.2)
  - OHHTTPStubs/Swift (~> 5.2)
  - PromiseKit/CorePromise (~> 4.0)

SPEC CHECKSUMS:
  Alamofire: f28cdffd29de33a7bfa022cbd63ae95a27fae140
  AlamofireCoreData: 20618959493cf6bc804c39b538da21806365209b
  Groot: 7543f84980bfb1613750818029d9b927d4378211
  OHHTTPStubs: 3a42f25c00563b71355ac73112ba2324e9e6cef4
  PromiseKit: dfe8fcc6445674fb23378d89990838c1cbdbf05a

PODFILE CHECKSUM: edba1cf2a62cefb66dfb537e3640f919c2b564d5

COCOAPODS: 1.2.1
